
Microsoft Visual Studio Solution File, Format Version 12.00
# Visual Studio Version 16
VisualStudioVersion = 25.0.1703.7
MinimumVisualStudioVersion = 10.0.40219.1
Project("{FAE04EC0-301F-11D3-BF4B-00C04F79EFBC}") = "RoomBookingApp.Core.Test", "RoomBookingApp.Core.Test\RoomBookingApp.Core.Test.csproj", "{B2E1A8F2-E03E-462F-A2AA-3918C8EB3833}"
EndProject
Project("{FAE04EC0-301F-11D3-BF4B-00C04F79EFBC}") = "RoomBookingApp.Core", "RoomBookingApp.Core\RoomBookingApp.Core.csproj", "{7DD27AA1-734D-41DB-9939-5219C13872E5}"
EndProject
Global
	GlobalSection(SolutionConfigurationPlatforms) = preSolution
		Debug|Any CPU = Debug|Any CPU
		Release|Any CPU = Release|Any CPU
	EndGlobalSection
	GlobalSection(ProjectConfigurationPlatforms) = postSolution
		{B2E1A8F2-E03E-462F-A2AA-3918C8EB3833}.Debug|Any CPU.ActiveCfg = Debug|Any CPU
		{B2E1A8F2-E03E-462F-A2AA-3918C8EB3833}.Debug|Any CPU.Build.0 = Debug|Any CPU
		{B2E1A8F2-E03E-462F-A2AA-3918C8EB3833}.Release|Any CPU.ActiveCfg = Release|Any CPU
		{B2E1A8F2-E03E-462F-A2AA-3918C8EB3833}.Release|Any CPU.Build.0 = Release|Any CPU
		{7DD27AA1-734D-41DB-9939-5219C13872E5}.Debug|Any CPU.ActiveCfg = Debug|Any CPU
		{7DD27AA1-734D-41DB-9939-5219C13872E5}.Debug|Any CPU.Build.0 = Debug|Any CPU
		{7DD27AA1-734D-41DB-9939-5219C13872E5}.Release|Any CPU.ActiveCfg = Release|Any CPU
		{7DD27AA1-734D-41DB-9939-5219C13872E5}.Release|Any CPU.Build.0 = Release|Any CPU
	EndGlobalSection
	GlobalSection(SolutionProperties) = preSolution
		HideSolutionNode = FALSE
	EndGlobalSection
	GlobalSection(ExtensibilityGlobals) = postSolution
		SolutionGuid = {941B0267-7FA0-496A-A1BD-AF2882D2378A}
	EndGlobalSection
EndGlobal
